
Microsoft Visual Studio Solution File, Format Version 12.00
# Visual Studio 2012
Project("{FAE04EC0-301F-11D3-BF4B-00C04F79EFBC}") = "SecondIINoneMC.Core", "SecondIINoneMC.Core\SecondIINoneMC.Core.csproj", "{7B7CD9F1-D2D1-4D11-86DC-4DBA79BFA246}"
EndProject
Project("{FAE04EC0-301F-11D3-BF4B-00C04F79EFBC}") = "SecondIINoneMC.Web", "SecondIINoneMC.Web\SecondIINoneMC.Web.csproj", "{78E09D5A-785C-4A4A-A0D0-7F67E9002A9A}"
EndProject
Project("{FAE04EC0-301F-11D3-BF4B-00C04F79EFBC}") = "SecondIINoneMC.Web.Tests", "SecondIINoneMC.Web.Tests\SecondIINoneMC.Web.Tests.csproj", "{D1D1A990-37A7-4E92-80D9-1500C173E1D4}"
EndProject
Global
	GlobalSection(SolutionConfigurationPlatforms) = preSolution
		Debug|Any CPU = Debug|Any CPU
		Release|Any CPU = Release|Any CPU
		Test|Any CPU = Test|Any CPU
	EndGlobalSection
	GlobalSection(ProjectConfigurationPlatforms) = postSolution
		{7B7CD9F1-D2D1-4D11-86DC-4DBA79BFA246}.Debug|Any CPU.ActiveCfg = Debug|Any CPU
		{7B7CD9F1-D2D1-4D11-86DC-4DBA79BFA246}.Debug|Any CPU.Build.0 = Debug|Any CPU
		{7B7CD9F1-D2D1-4D11-86DC-4DBA79BFA246}.Release|Any CPU.ActiveCfg = Release|Any CPU
		{7B7CD9F1-D2D1-4D11-86DC-4DBA79BFA246}.Release|Any CPU.Build.0 = Release|Any CPU
		{7B7CD9F1-D2D1-4D11-86DC-4DBA79BFA246}.Test|Any CPU.ActiveCfg = Release|Any CPU
		{7B7CD9F1-D2D1-4D11-86DC-4DBA79BFA246}.Test|Any CPU.Build.0 = Release|Any CPU
		{78E09D5A-785C-4A4A-A0D0-7F67E9002A9A}.Debug|Any CPU.ActiveCfg = Debug|Any CPU
		{78E09D5A-785C-4A4A-A0D0-7F67E9002A9A}.Debug|Any CPU.Build.0 = Debug|Any CPU
		{78E09D5A-785C-4A4A-A0D0-7F67E9002A9A}.Release|Any CPU.ActiveCfg = Release|Any CPU
		{78E09D5A-785C-4A4A-A0D0-7F67E9002A9A}.Release|Any CPU.Build.0 = Release|Any CPU
		{78E09D5A-785C-4A4A-A0D0-7F67E9002A9A}.Test|Any CPU.ActiveCfg = Test|Any CPU
		{78E09D5A-785C-4A4A-A0D0-7F67E9002A9A}.Test|Any CPU.Build.0 = Test|Any CPU
		{D1D1A990-37A7-4E92-80D9-1500C173E1D4}.Debug|Any CPU.ActiveCfg = Debug|Any CPU
		{D1D1A990-37A7-4E92-80D9-1500C173E1D4}.Debug|Any CPU.Build.0 = Debug|Any CPU
		{D1D1A990-37A7-4E92-80D9-1500C173E1D4}.Release|Any CPU.ActiveCfg = Release|Any CPU
		{D1D1A990-37A7-4E92-80D9-1500C173E1D4}.Release|Any CPU.Build.0 = Release|Any CPU
		{D1D1A990-37A7-4E92-80D9-1500C173E1D4}.Test|Any CPU.ActiveCfg = Test|Any CPU
		{D1D1A990-37A7-4E92-80D9-1500C173E1D4}.Test|Any CPU.Build.0 = Test|Any CPU
	EndGlobalSection
	GlobalSection(SolutionProperties) = preSolution
		HideSolutionNode = FALSE
	EndGlobalSection
EndGlobal
